
Microsoft Visual Studio Solution File, Format Version 12.00
# Visual Studio Version 17
VisualStudioVersion = 17.10.35027.167
MinimumVisualStudioVersion = 10.0.40219.1
Project("{888888A0-9F3D-457C-B088-3A5042F75D52}") = "Billiard_App", "Billiard_App.pyproj", "{0B2773D1-2C5F-4F3B-A8A5-C9091EAB84D6}"
EndProject
Global
	GlobalSection(SolutionConfigurationPlatforms) = preSolution
		Debug|Any CPU = Debug|Any CPU
		Release|Any CPU = Release|Any CPU
	EndGlobalSection
	GlobalSection(ProjectConfigurationPlatforms) = postSolution
		{0B2773D1-2C5F-4F3B-A8A5-C9091EAB84D6}.Debug|Any CPU.ActiveCfg = Debug|Any CPU
		{0B2773D1-2C5F-4F3B-A8A5-C9091EAB84D6}.Release|Any CPU.ActiveCfg = Release|Any CPU
	EndGlobalSection
	GlobalSection(SolutionProperties) = preSolution
		HideSolutionNode = FALSE
	EndGlobalSection
	GlobalSection(ExtensibilityGlobals) = postSolution
		SolutionGuid = {A1144D66-8139-4762-9EE7-424F60FED3A4}
	EndGlobalSection
EndGlobal
